
Microsoft Visual Studio Solution File, Format Version 12.00
# Visual Studio 15
VisualStudioVersion = 15.0.27130.2036
MinimumVisualStudioVersion = 10.0.40219.1
Project("{FAE04EC0-301F-11D3-BF4B-00C04F79EFBC}") = "ConsoleYoutubeDownloader", "ConsoleYoutubeDownloader\ConsoleYoutubeDownloader.csproj", "{A63D2567-B7F7-4631-BD1F-EDFCA7E3FA7A}"
EndProject
Global
	GlobalSection(SolutionConfigurationPlatforms) = preSolution
		Debug|Any CPU = Debug|Any CPU
		Release|Any CPU = Release|Any CPU
	EndGlobalSection
	GlobalSection(ProjectConfigurationPlatforms) = postSolution
		{A63D2567-B7F7-4631-BD1F-EDFCA7E3FA7A}.Debug|Any CPU.ActiveCfg = Debug|Any CPU
		{A63D2567-B7F7-4631-BD1F-EDFCA7E3FA7A}.Debug|Any CPU.Build.0 = Debug|Any CPU
		{A63D2567-B7F7-4631-BD1F-EDFCA7E3FA7A}.Release|Any CPU.ActiveCfg = Release|Any CPU
		{A63D2567-B7F7-4631-BD1F-EDFCA7E3FA7A}.Release|Any CPU.Build.0 = Release|Any CPU
	EndGlobalSection
	GlobalSection(SolutionProperties) = preSolution
		HideSolutionNode = FALSE
	EndGlobalSection
	GlobalSection(ExtensibilityGlobals) = postSolution
		SolutionGuid = {028803E1-3D14-4F17-8CEE-4F1094424162}
	EndGlobalSection
EndGlobal
